
Microsoft Visual Studio Solution File, Format Version 12.00
# Visual Studio Version 17
VisualStudioVersion = 17.3.32901.215
MinimumVisualStudioVersion = 10.0.40219.1
Project("{FAE04EC0-301F-11D3-BF4B-00C04F79EFBC}") = "RemoteControlRevisit", "RemoteControlRevisit\RemoteControlRevisit.csproj", "{27414CD5-1BD4-4E5F-BB7B-3AD7B030B4C0}"
EndProject
Global
	GlobalSection(SolutionConfigurationPlatforms) = preSolution
		Debug|Any CPU = Debug|Any CPU
		Release|Any CPU = Release|Any CPU
	EndGlobalSection
	GlobalSection(ProjectConfigurationPlatforms) = postSolution
		{27414CD5-1BD4-4E5F-BB7B-3AD7B030B4C0}.Debug|Any CPU.ActiveCfg = Debug|Any CPU
		{27414CD5-1BD4-4E5F-BB7B-3AD7B030B4C0}.Debug|Any CPU.Build.0 = Debug|Any CPU
		{27414CD5-1BD4-4E5F-BB7B-3AD7B030B4C0}.Release|Any CPU.ActiveCfg = Release|Any CPU
		{27414CD5-1BD4-4E5F-BB7B-3AD7B030B4C0}.Release|Any CPU.Build.0 = Release|Any CPU
	EndGlobalSection
	GlobalSection(SolutionProperties) = preSolution
		HideSolutionNode = FALSE
	EndGlobalSection
	GlobalSection(ExtensibilityGlobals) = postSolution
		SolutionGuid = {762BED2E-DD7A-4222-8092-10210D304D7E}
	EndGlobalSection
EndGlobal
